
Microsoft Visual Studio Solution File, Format Version 12.00
# Visual Studio Version 17
VisualStudioVersion = 17.4.33205.214
MinimumVisualStudioVersion = 10.0.40219.1
Project("{FAE04EC0-301F-11D3-BF4B-00C04F79EFBC}") = "ProjectStream_API", "ProjectStream_API\ProjectStream_API.csproj", "{6070FCA4-C717-4B6C-ABE5-9B83BE7E4982}"
EndProject
Project("{2150E333-8FDC-42A3-9474-1A3956D46DE8}") = "src", "src", "{3AE5BAC2-B52D-401D-BB79-F9DEB3770B73}"
EndProject
Project("{2150E333-8FDC-42A3-9474-1A3956D46DE8}") = "test", "test", "{0D124CCE-BD13-44D2-9D36-9467E8458C43}"
EndProject
Project("{FAE04EC0-301F-11D3-BF4B-00C04F79EFBC}") = "StreamAPITest", "StreamAPITest\StreamAPITest.csproj", "{5E159044-03FB-461C-9B0C-85CA105899EA}"
EndProject
Project("{FAE04EC0-301F-11D3-BF4B-00C04F79EFBC}") = "StreamAPI.Application", "StreamAPI.Application\StreamAPI.Application.csproj", "{BF4AFB59-D477-44CB-9D86-FD00B82AAF90}"
EndProject
Project("{FAE04EC0-301F-11D3-BF4B-00C04F79EFBC}") = "StreamAPI.Infrastructure", "StreamAPI.Infrastruecture\StreamAPI.Infrastructure.csproj", "{EB0F9ADC-4564-46ED-BD18-AADF382D6B1E}"
EndProject
Project("{FAE04EC0-301F-11D3-BF4B-00C04F79EFBC}") = "StreamAPI.Common", "StreamAPI.Common\StreamAPI.Common.csproj", "{77A158EA-066F-44F2-8813-24A55F896467}"
EndProject
Project("{2150E333-8FDC-42A3-9474-1A3956D46DE8}") = "API", "API", "{D8FB305F-AD5D-40B5-8024-577333C08A99}"
EndProject
Project("{2150E333-8FDC-42A3-9474-1A3956D46DE8}") = "Client", "Client", "{364112E9-253B-4C6B-A654-4BD39FEF6D23}"
EndProject
Project("{FAE04EC0-301F-11D3-BF4B-00C04F79EFBC}") = "StreamClient", "StreamClient\StreamClient.csproj", "{95B0A91D-E751-40FC-929D-37D6E2885EB0}"
EndProject
Global
	GlobalSection(SolutionConfigurationPlatforms) = preSolution
		Debug|Any CPU = Debug|Any CPU
		Release|Any CPU = Release|Any CPU
	EndGlobalSection
	GlobalSection(ProjectConfigurationPlatforms) = postSolution
		{6070FCA4-C717-4B6C-ABE5-9B83BE7E4982}.Debug|Any CPU.ActiveCfg = Debug|Any CPU
		{6070FCA4-C717-4B6C-ABE5-9B83BE7E4982}.Debug|Any CPU.Build.0 = Debug|Any CPU
		{6070FCA4-C717-4B6C-ABE5-9B83BE7E4982}.Release|Any CPU.ActiveCfg = Release|Any CPU
		{6070FCA4-C717-4B6C-ABE5-9B83BE7E4982}.Release|Any CPU.Build.0 = Release|Any CPU
		{5E159044-03FB-461C-9B0C-85CA105899EA}.Debug|Any CPU.ActiveCfg = Debug|Any CPU
		{5E159044-03FB-461C-9B0C-85CA105899EA}.Debug|Any CPU.Build.0 = Debug|Any CPU
		{5E159044-03FB-461C-9B0C-85CA105899EA}.Release|Any CPU.ActiveCfg = Release|Any CPU
		{5E159044-03FB-461C-9B0C-85CA105899EA}.Release|Any CPU.Build.0 = Release|Any CPU
		{BF4AFB59-D477-44CB-9D86-FD00B82AAF90}.Debug|Any CPU.ActiveCfg = Debug|Any CPU
		{BF4AFB59-D477-44CB-9D86-FD00B82AAF90}.Debug|Any CPU.Build.0 = Debug|Any CPU
		{BF4AFB59-D477-44CB-9D86-FD00B82AAF90}.Release|Any CPU.ActiveCfg = Release|Any CPU
		{BF4AFB59-D477-44CB-9D86-FD00B82AAF90}.Release|Any CPU.Build.0 = Release|Any CPU
		{EB0F9ADC-4564-46ED-BD18-AADF382D6B1E}.Debug|Any CPU.ActiveCfg = Debug|Any CPU
		{EB0F9ADC-4564-46ED-BD18-AADF382D6B1E}.Debug|Any CPU.Build.0 = Debug|Any CPU
		{EB0F9ADC-4564-46ED-BD18-AADF382D6B1E}.Release|Any CPU.ActiveCfg = Release|Any CPU
		{EB0F9ADC-4564-46ED-BD18-AADF382D6B1E}.Release|Any CPU.Build.0 = Release|Any CPU
		{77A158EA-066F-44F2-8813-24A55F896467}.Debug|Any CPU.ActiveCfg = Debug|Any CPU
		{77A158EA-066F-44F2-8813-24A55F896467}.Debug|Any CPU.Build.0 = Debug|Any CPU
		{77A158EA-066F-44F2-8813-24A55F896467}.Release|Any CPU.ActiveCfg = Release|Any CPU
		{77A158EA-066F-44F2-8813-24A55F896467}.Release|Any CPU.Build.0 = Release|Any CPU
		{95B0A91D-E751-40FC-929D-37D6E2885EB0}.Debug|Any CPU.ActiveCfg = Debug|Any CPU
		{95B0A91D-E751-40FC-929D-37D6E2885EB0}.Debug|Any CPU.Build.0 = Debug|Any CPU
		{95B0A91D-E751-40FC-929D-37D6E2885EB0}.Debug|Any CPU.Deploy.0 = Debug|Any CPU
		{95B0A91D-E751-40FC-929D-37D6E2885EB0}.Release|Any CPU.ActiveCfg = Release|Any CPU
		{95B0A91D-E751-40FC-929D-37D6E2885EB0}.Release|Any CPU.Build.0 = Release|Any CPU
		{95B0A91D-E751-40FC-929D-37D6E2885EB0}.Release|Any CPU.Deploy.0 = Release|Any CPU
	EndGlobalSection
	GlobalSection(SolutionProperties) = preSolution
		HideSolutionNode = FALSE
	EndGlobalSection
	GlobalSection(NestedProjects) = preSolution
		{6070FCA4-C717-4B6C-ABE5-9B83BE7E4982} = {D8FB305F-AD5D-40B5-8024-577333C08A99}
		{5E159044-03FB-461C-9B0C-85CA105899EA} = {0D124CCE-BD13-44D2-9D36-9467E8458C43}
		{BF4AFB59-D477-44CB-9D86-FD00B82AAF90} = {D8FB305F-AD5D-40B5-8024-577333C08A99}
		{EB0F9ADC-4564-46ED-BD18-AADF382D6B1E} = {D8FB305F-AD5D-40B5-8024-577333C08A99}
		{77A158EA-066F-44F2-8813-24A55F896467} = {D8FB305F-AD5D-40B5-8024-577333C08A99}
		{D8FB305F-AD5D-40B5-8024-577333C08A99} = {3AE5BAC2-B52D-401D-BB79-F9DEB3770B73}
		{364112E9-253B-4C6B-A654-4BD39FEF6D23} = {3AE5BAC2-B52D-401D-BB79-F9DEB3770B73}
		{95B0A91D-E751-40FC-929D-37D6E2885EB0} = {364112E9-253B-4C6B-A654-4BD39FEF6D23}
	EndGlobalSection
	GlobalSection(ExtensibilityGlobals) = postSolution
		SolutionGuid = {BE6348F4-2BC5-488A-9653-7167C89F7527}
	EndGlobalSection
EndGlobal
